
Microsoft Visual Studio Solution File, Format Version 12.00
# Visual Studio Version 17
VisualStudioVersion = 17.8.34330.188
MinimumVisualStudioVersion = 10.0.40219.1
Project("{FAE04EC0-301F-11D3-BF4B-00C04F79EFBC}") = "PassaParola Oyunu", "PassaParola Oyunu.csproj", "{CDA03D29-A5FD-4B53-9EE2-2077B8745131}"
EndProject
Global
	GlobalSection(SolutionConfigurationPlatforms) = preSolution
		Debug|Any CPU = Debug|Any CPU
		Release|Any CPU = Release|Any CPU
	EndGlobalSection
	GlobalSection(ProjectConfigurationPlatforms) = postSolution
		{CDA03D29-A5FD-4B53-9EE2-2077B8745131}.Debug|Any CPU.ActiveCfg = Debug|Any CPU
		{CDA03D29-A5FD-4B53-9EE2-2077B8745131}.Debug|Any CPU.Build.0 = Debug|Any CPU
		{CDA03D29-A5FD-4B53-9EE2-2077B8745131}.Release|Any CPU.ActiveCfg = Release|Any CPU
		{CDA03D29-A5FD-4B53-9EE2-2077B8745131}.Release|Any CPU.Build.0 = Release|Any CPU
	EndGlobalSection
	GlobalSection(SolutionProperties) = preSolution
		HideSolutionNode = FALSE
	EndGlobalSection
	GlobalSection(ExtensibilityGlobals) = postSolution
		SolutionGuid = {14E0DE75-ADE7-4511-AF4F-94A2E7BD70FE}
	EndGlobalSection
EndGlobal
